// !$*UTF8*$!
{
	archiveVersion = 1;
	classes = {
	};
	objectVersion = 77;
	objects = {

/* Begin PBXBuildFile section */
		29254B842E25DD5E0023721C /* Sparkle in Frameworks */ = {isa = PBXBuildFile; productRef = 29254B832E25DD5E0023721C /* Sparkle */; };
		29A10AE22E22237F00E7DEBC /* CoreXLSX in Frameworks */ = {isa = PBXBuildFile; productRef = 29A10AE12E22237F00E7DEBC /* CoreXLSX */; };
/* End PBXBuildFile section */

/* Begin PBXContainerItemProxy section */
		29A10A8D2E2050A000E7DEBC /* PBXContainerItemProxy */ = {
			isa = PBXContainerItemProxy;
			containerPortal = 29A10A732E20509E00E7DEBC /* Project object */;
			proxyType = 1;
			remoteGlobalIDString = 29A10A7A2E20509E00E7DEBC;
			remoteInfo = SentimentAnalysisApp;
		};
		29A10A972E2050A000E7DEBC /* PBXContainerItemProxy */ = {
			isa = PBXContainerItemProxy;
			containerPortal = 29A10A732E20509E00E7DEBC /* Project object */;
			proxyType = 1;
			remoteGlobalIDString = 29A10A7A2E20509E00E7DEBC;
			remoteInfo = SentimentAnalysisApp;
		};
/* End PBXContainerItemProxy section */

/* Begin PBXFileReference section */
		29A10A7B2E20509E00E7DEBC /* Sentiment Analyzer - Debug.app */ = {isa = PBXFileReference; explicitFileType = wrapper.application; includeInIndex = 0; path = "Sentiment Analyzer - Debug.app"; sourceTree = BUILT_PRODUCTS_DIR; };
		29A10A8C2E2050A000E7DEBC /* SentimentAnalysisAppTests.xctest */ = {isa = PBXFileReference; explicitFileType = wrapper.cfbundle; includeInIndex = 0; path = SentimentAnalysisAppTests.xctest; sourceTree = BUILT_PRODUCTS_DIR; };
		29A10A962E2050A000E7DEBC /* SentimentAnalysisAppUITests.xctest */ = {isa = PBXFileReference; explicitFileType = wrapper.cfbundle; includeInIndex = 0; path = SentimentAnalysisAppUITests.xctest; sourceTree = BUILT_PRODUCTS_DIR; };
/* End PBXFileReference section */

/* Begin PBXFileSystemSynchronizedBuildFileExceptionSet section */
		29A10A9E2E2050A000E7DEBC /* Exceptions for "SentimentAnalysisApp" folder in "SentimentAnalysisApp" target */ = {
			isa = PBXFileSystemSynchronizedBuildFileExceptionSet;
			membershipExceptions = (
				Info.plist,
			);
			target = 29A10A7A2E20509E00E7DEBC /* SentimentAnalysisApp */;
		};
/* End PBXFileSystemSynchronizedBuildFileExceptionSet section */

/* Begin PBXFileSystemSynchronizedRootGroup section */
		29A10A7D2E20509E00E7DEBC /* SentimentAnalysisApp */ = {
			isa = PBXFileSystemSynchronizedRootGroup;
			exceptions = (
				29A10A9E2E2050A000E7DEBC /* Exceptions for "SentimentAnalysisApp" folder in "SentimentAnalysisApp" target */,
			);
			path = SentimentAnalysisApp;
			sourceTree = "<group>";
		};
		29A10A8F2E2050A000E7DEBC /* SentimentAnalysisAppTests */ = {
			isa = PBXFileSystemSynchronizedRootGroup;
			path = SentimentAnalysisAppTests;
			sourceTree = "<group>";
		};
		29A10A992E2050A000E7DEBC /* SentimentAnalysisAppUITests */ = {
			isa = PBXFileSystemSynchronizedRootGroup;
			path = SentimentAnalysisAppUITests;
			sourceTree = "<group>";
		};
/* End PBXFileSystemSynchronizedRootGroup section */

/* Begin PBXFrameworksBuildPhase section */
		29A10A782E20509E00E7DEBC /* Frameworks */ = {
			isa = PBXFrameworksBuildPhase;
			buildActionMask = 2147483647;
			files = (
				29A10AE22E22237F00E7DEBC /* CoreXLSX in Frameworks */,
				29254B842E25DD5E0023721C /* Sparkle in Frameworks */,
			);
			runOnlyForDeploymentPostprocessing = 0;
		};
		29A10A892E2050A000E7DEBC /* Frameworks */ = {
			isa = PBXFrameworksBuildPhase;
			buildActionMask = 2147483647;
			files = (
			);
			runOnlyForDeploymentPostprocessing = 0;
		};
		29A10A932E2050A000E7DEBC /* Frameworks */ = {
			isa = PBXFrameworksBuildPhase;
			buildActionMask = 2147483647;
			files = (
			);
			runOnlyForDeploymentPostprocessing = 0;
		};
/* End PBXFrameworksBuildPhase section */

/* Begin PBXGroup section */
		29A10A722E20509E00E7DEBC = {
			isa = PBXGroup;
			children = (
				29A10A7D2E20509E00E7DEBC /* SentimentAnalysisApp */,
				29A10A8F2E2050A000E7DEBC /* SentimentAnalysisAppTests */,
				29A10A992E2050A000E7DEBC /* SentimentAnalysisAppUITests */,
				29A10A7C2E20509E00E7DEBC /* Products */,
			);
			sourceTree = "<group>";
		};
		29A10A7C2E20509E00E7DEBC /* Products */ = {
			isa = PBXGroup;
			children = (
				29A10A7B2E20509E00E7DEBC /* Sentiment Analyzer - Debug.app */,
				29A10A8C2E2050A000E7DEBC /* SentimentAnalysisAppTests.xctest */,
				29A10A962E2050A000E7DEBC /* SentimentAnalysisAppUITests.xctest */,
			);
			name = Products;
			sourceTree = "<group>";
		};
/* End PBXGroup section */

/* Begin PBXNativeTarget section */
		29A10A7A2E20509E00E7DEBC /* SentimentAnalysisApp */ = {
			isa = PBXNativeTarget;
			buildConfigurationList = 29A10A9F2E2050A000E7DEBC /* Build configuration list for PBXNativeTarget "SentimentAnalysisApp" */;
			buildPhases = (
				29A10A772E20509E00E7DEBC /* Sources */,
				29A10A782E20509E00E7DEBC /* Frameworks */,
				29A10A792E20509E00E7DEBC /* Resources */,
			);
			buildRules = (
			);
			dependencies = (
			);
			fileSystemSynchronizedGroups = (
				29A10A7D2E20509E00E7DEBC /* SentimentAnalysisApp */,
			);
			name = SentimentAnalysisApp;
			packageProductDependencies = (
				29A10AE12E22237F00E7DEBC /* CoreXLSX */,
				29254B832E25DD5E0023721C /* Sparkle */,
			);
			productName = SentimentAnalysisApp;
			productReference = 29A10A7B2E20509E00E7DEBC /* Sentiment Analyzer - Debug.app */;
			productType = "com.apple.product-type.application";
		};
		29A10A8B2E2050A000E7DEBC /* SentimentAnalysisAppTests */ = {
			isa = PBXNativeTarget;
			buildConfigurationList = 29A10AA42E2050A000E7DEBC /* Build configuration list for PBXNativeTarget "SentimentAnalysisAppTests" */;
			buildPhases = (
				29A10A882E2050A000E7DEBC /* Sources */,
				29A10A892E2050A000E7DEBC /* Frameworks */,
				29A10A8A2E2050A000E7DEBC /* Resources */,
			);
			buildRules = (
			);
			dependencies = (
				29A10A8E2E2050A000E7DEBC /* PBXTargetDependency */,
			);
			fileSystemSynchronizedGroups = (
				29A10A8F2E2050A000E7DEBC /* SentimentAnalysisAppTests */,
			);
			name = SentimentAnalysisAppTests;
			packageProductDependencies = (
			);
			productName = SentimentAnalysisAppTests;
			productReference = 29A10A8C2E2050A000E7DEBC /* SentimentAnalysisAppTests.xctest */;
			productType = "com.apple.product-type.bundle.unit-test";
		};
		29A10A952E2050A000E7DEBC /* SentimentAnalysisAppUITests */ = {
			isa = PBXNativeTarget;
			buildConfigurationList = 29A10AA72E2050A000E7DEBC /* Build configuration list for PBXNativeTarget "SentimentAnalysisAppUITests" */;
			buildPhases = (
				29A10A922E2050A000E7DEBC /* Sources */,
				29A10A932E2050A000E7DEBC /* Frameworks */,
				29A10A942E2050A000E7DEBC /* Resources */,
			);
			buildRules = (
			);
			dependencies = (
				29A10A982E2050A000E7DEBC /* PBXTargetDependency */,
			);
			fileSystemSynchronizedGroups = (
				29A10A992E2050A000E7DEBC /* SentimentAnalysisAppUITests */,
			);
			name = SentimentAnalysisAppUITests;
			packageProductDependencies = (
			);
			productName = SentimentAnalysisAppUITests;
			productReference = 29A10A962E2050A000E7DEBC /* SentimentAnalysisAppUITests.xctest */;
			productType = "com.apple.product-type.bundle.ui-testing";
		};
/* End PBXNativeTarget section */

/* Begin PBXProject section */
		29A10A732E20509E00E7DEBC /* Project object */ = {
			isa = PBXProject;
			attributes = {
				BuildIndependentTargetsInParallel = 1;
				LastSwiftUpdateCheck = 1640;
				LastUpgradeCheck = 1640;
				TargetAttributes = {
					29A10A7A2E20509E00E7DEBC = {
						CreatedOnToolsVersion = 16.4;
					};
					29A10A8B2E2050A000E7DEBC = {
						CreatedOnToolsVersion = 16.4;
						TestTargetID = 29A10A7A2E20509E00E7DEBC;
					};
					29A10A952E2050A000E7DEBC = {
						CreatedOnToolsVersion = 16.4;
						TestTargetID = 29A10A7A2E20509E00E7DEBC;
					};
				};
			};
			buildConfigurationList = 29A10A762E20509E00E7DEBC /* Build configuration list for PBXProject "SentimentAnalysisApp" */;
			developmentRegion = en;
			hasScannedForEncodings = 0;
			knownRegions = (
				en,
				Base,
			);
			mainGroup = 29A10A722E20509E00E7DEBC;
			minimizedProjectReferenceProxies = 1;
			packageReferences = (
				29A10AE02E22237F00E7DEBC /* XCRemoteSwiftPackageReference "CoreXLSX" */,
				29254B822E25DD5E0023721C /* XCRemoteSwiftPackageReference "Sparkle" */,
			);
			preferredProjectObjectVersion = 77;
			productRefGroup = 29A10A7C2E20509E00E7DEBC /* Products */;
			projectDirPath = "";
			projectRoot = "";
			targets = (
				29A10A7A2E20509E00E7DEBC /* SentimentAnalysisApp */,
				29A10A8B2E2050A000E7DEBC /* SentimentAnalysisAppTests */,
				29A10A952E2050A000E7DEBC /* SentimentAnalysisAppUITests */,
			);
		};
/* End PBXProject section */

/* Begin PBXResourcesBuildPhase section */
		29A10A792E20509E00E7DEBC /* Resources */ = {
			isa = PBXResourcesBuildPhase;
			buildActionMask = 2147483647;
			files = (
			);
			runOnlyForDeploymentPostprocessing = 0;
		};
		29A10A8A2E2050A000E7DEBC /* Resources */ = {
			isa = PBXResourcesBuildPhase;
			buildActionMask = 2147483647;
			files = (
			);
			runOnlyForDeploymentPostprocessing = 0;
		};
		29A10A942E2050A000E7DEBC /* Resources */ = {
			isa = PBXResourcesBuildPhase;
			buildActionMask = 2147483647;
			files = (
			);
			runOnlyForDeploymentPostprocessing = 0;
		};
/* End PBXResourcesBuildPhase section */

/* Begin PBXSourcesBuildPhase section */
		29A10A772E20509E00E7DEBC /* Sources */ = {
			isa = PBXSourcesBuildPhase;
			buildActionMask = 2147483647;
			files = (
			);
			runOnlyForDeploymentPostprocessing = 0;
		};
		29A10A882E2050A000E7DEBC /* Sources */ = {
			isa = PBXSourcesBuildPhase;
			buildActionMask = 2147483647;
			files = (
			);
			runOnlyForDeploymentPostprocessing = 0;
		};
		29A10A922E2050A000E7DEBC /* Sources */ = {
			isa = PBXSourcesBuildPhase;
			buildActionMask = 2147483647;
			files = (
			);
			runOnlyForDeploymentPostprocessing = 0;
		};
/* End PBXSourcesBuildPhase section */

/* Begin PBXTargetDependency section */
		29A10A8E2E2050A000E7DEBC /* PBXTargetDependency */ = {
			isa = PBXTargetDependency;
			target = 29A10A7A2E20509E00E7DEBC /* SentimentAnalysisApp */;
			targetProxy = 29A10A8D2E2050A000E7DEBC /* PBXContainerItemProxy */;
		};
		29A10A982E2050A000E7DEBC /* PBXTargetDependency */ = {
			isa = PBXTargetDependency;
			target = 29A10A7A2E20509E00E7DEBC /* SentimentAnalysisApp */;
			targetProxy = 29A10A972E2050A000E7DEBC /* PBXContainerItemProxy */;
		};
/* End PBXTargetDependency section */

/* Begin XCBuildConfiguration section */
		29A10AA02E2050A000E7DEBC /* Debug */ = {
			isa = XCBuildConfiguration;
			buildSettings = {
				ASSETCATALOG_COMPILER_APPICON_NAME = AppIcon;
				ASSETCATALOG_COMPILER_GLOBAL_ACCENT_COLOR_NAME = AccentColor;
				ASSETCATALOG_COMPILER_INCLUDE_ALL_APPICON_ASSETS = YES;
				CODE_SIGN_ENTITLEMENTS = SentimentAnalysisApp/SentimentAnalysisApp.entitlements;
				CODE_SIGN_STYLE = Automatic;
				CURRENT_PROJECT_VERSION = 1;
				DEVELOPMENT_TEAM = D39Q3HLKCF;
				ENABLE_HARDENED_RUNTIME = YES;
				ENABLE_PREVIEWS = YES;
				GENERATE_INFOPLIST_FILE = YES;
				INFOPLIST_FILE = SentimentAnalysisApp/Info.plist;
				INFOPLIST_KEY_CFBundleDisplayName = "Sentiment Analyzer";
				INFOPLIST_KEY_LSApplicationCategoryType = "public.app-category.developer-tools";
				"INFOPLIST_KEY_UIApplicationSceneManifest_Generation[sdk=iphoneos*]" = YES;
				"INFOPLIST_KEY_UIApplicationSceneManifest_Generation[sdk=iphonesimulator*]" = YES;
				"INFOPLIST_KEY_UIApplicationSupportsIndirectInputEvents[sdk=iphoneos*]" = YES;
				"INFOPLIST_KEY_UIApplicationSupportsIndirectInputEvents[sdk=iphonesimulator*]" = YES;
				"INFOPLIST_KEY_UILaunchScreen_Generation[sdk=iphoneos*]" = YES;
				"INFOPLIST_KEY_UILaunchScreen_Generation[sdk=iphonesimulator*]" = YES;
				"INFOPLIST_KEY_UIStatusBarStyle[sdk=iphoneos*]" = UIStatusBarStyleDefault;
				"INFOPLIST_KEY_UIStatusBarStyle[sdk=iphonesimulator*]" = UIStatusBarStyleDefault;
				INFOPLIST_KEY_UISupportedInterfaceOrientations_iPad = "UIInterfaceOrientationPortrait UIInterfaceOrientationPortraitUpsideDown UIInterfaceOrientationLandscapeLeft UIInterfaceOrientationLandscapeRight";
				INFOPLIST_KEY_UISupportedInterfaceOrientations_iPhone = "UIInterfaceOrientationPortrait UIInterfaceOrientationLandscapeLeft UIInterfaceOrientationLandscapeRight";
				IPHONEOS_DEPLOYMENT_TARGET = 18.5;
				LD_RUNPATH_SEARCH_PATHS = "@executable_path/Frameworks";
				"LD_RUNPATH_SEARCH_PATHS[sdk=macosx*]" = "@executable_path/../Frameworks";
				MACOSX_DEPLOYMENT_TARGET = 14.4;
				MARKETING_VERSION = 1.0.0;
				PRODUCT_BUNDLE_IDENTIFIER = com.inamorata.SentimentAnalysisApp;
				PRODUCT_NAME = "$(PRODUCT_NAME)";
				REGISTER_APP_GROUPS = YES;
				SDKROOT = auto;
				SUPPORTED_PLATFORMS = macosx;
				SUPPORTS_MACCATALYST = NO;
				SWIFT_EMIT_LOC_STRINGS = YES;
				SWIFT_VERSION = 5.0;
				XROS_DEPLOYMENT_TARGET = 2.5;
			};
			name = Debug;
		};
		29A10AA12E2050A000E7DEBC /* Release */ = {
			isa = XCBuildConfiguration;
			buildSettings = {
				ASSETCATALOG_COMPILER_APPICON_NAME = AppIcon;
				ASSETCATALOG_COMPILER_GLOBAL_ACCENT_COLOR_NAME = AccentColor;
				ASSETCATALOG_COMPILER_INCLUDE_ALL_APPICON_ASSETS = YES;
				CODE_SIGN_ENTITLEMENTS = SentimentAnalysisApp/SentimentAnalysisApp.entitlements;
				CODE_SIGN_STYLE = Automatic;
				CURRENT_PROJECT_VERSION = 1;
				DEVELOPMENT_TEAM = D39Q3HLKCF;
				ENABLE_HARDENED_RUNTIME = YES;
				ENABLE_PREVIEWS = YES;
				GENERATE_INFOPLIST_FILE = YES;
				INFOPLIST_FILE = SentimentAnalysisApp/Info.plist;
				INFOPLIST_KEY_CFBundleDisplayName = "Sentiment Analyzer";
				INFOPLIST_KEY_LSApplicationCategoryType = "public.app-category.developer-tools";
				"INFOPLIST_KEY_UIApplicationSceneManifest_Generation[sdk=iphoneos*]" = YES;
				"INFOPLIST_KEY_UIApplicationSceneManifest_Generation[sdk=iphonesimulator*]" = YES;
				"INFOPLIST_KEY_UIApplicationSupportsIndirectInputEvents[sdk=iphoneos*]" = YES;
				"INFOPLIST_KEY_UIApplicationSupportsIndirectInputEvents[sdk=iphonesimulator*]" = YES;
				"INFOPLIST_KEY_UILaunchScreen_Generation[sdk=iphoneos*]" = YES;
				"INFOPLIST_KEY_UILaunchScreen_Generation[sdk=iphonesimulator*]" = YES;
				"INFOPLIST_KEY_UIStatusBarStyle[sdk=iphoneos*]" = UIStatusBarStyleDefault;
				"INFOPLIST_KEY_UIStatusBarStyle[sdk=iphonesimulator*]" = UIStatusBarStyleDefault;
				INFOPLIST_KEY_UISupportedInterfaceOrientations_iPad = "UIInterfaceOrientationPortrait UIInterfaceOrientationPortraitUpsideDown UIInterfaceOrientationLandscapeLeft UIInterfaceOrientationLandscapeRight";
				INFOPLIST_KEY_UISupportedInterfaceOrientations_iPhone = "UIInterfaceOrientationPortrait UIInterfaceOrientationLandscapeLeft UIInterfaceOrientationLandscapeRight";
				IPHONEOS_DEPLOYMENT_TARGET = 18.5;
				LD_RUNPATH_SEARCH_PATHS = "@executable_path/Frameworks";
				"LD_RUNPATH_SEARCH_PATHS[sdk=macosx*]" = "@executable_path/../Frameworks";
				MACOSX_DEPLOYMENT_TARGET = 14.4;
				MARKETING_VERSION = 1.0.0;
				PRODUCT_BUNDLE_IDENTIFIER = com.inamorata.SentimentAnalysisApp;
				PRODUCT_NAME = "$(PRODUCT_NAME)";
				REGISTER_APP_GROUPS = YES;
				SDKROOT = auto;
				SUPPORTED_PLATFORMS = macosx;
				SUPPORTS_MACCATALYST = NO;
				SWIFT_EMIT_LOC_STRINGS = YES;
				SWIFT_VERSION = 5.0;
				XROS_DEPLOYMENT_TARGET = 2.5;
			};
			name = Release;
		};
		29A10AA22E2050A000E7DEBC /* Debug */ = {
			isa = XCBuildConfiguration;
			buildSettings = {
				ALWAYS_SEARCH_USER_PATHS = NO;
				ASSETCATALOG_COMPILER_GENERATE_SWIFT_ASSET_SYMBOL_EXTENSIONS = YES;
				CLANG_ANALYZER_NONNULL = YES;
				CLANG_ANALYZER_NUMBER_OBJECT_CONVERSION = YES_AGGRESSIVE;
				CLANG_CXX_LANGUAGE_STANDARD = "gnu++20";
				CLANG_ENABLE_MODULES = YES;
				CLANG_ENABLE_OBJC_ARC = YES;
				CLANG_ENABLE_OBJC_WEAK = YES;
				CLANG_WARN_BLOCK_CAPTURE_AUTORELEASING = YES;
				CLANG_WARN_BOOL_CONVERSION = YES;
				CLANG_WARN_COMMA = YES;
				CLANG_WARN_CONSTANT_CONVERSION = YES;
				CLANG_WARN_DEPRECATED_OBJC_IMPLEMENTATIONS = YES;
				CLANG_WARN_DIRECT_OBJC_ISA_USAGE = YES_ERROR;
				CLANG_WARN_DOCUMENTATION_COMMENTS = YES;
				CLANG_WARN_EMPTY_BODY = YES;
				CLANG_WARN_ENUM_CONVERSION = YES;
				CLANG_WARN_INFINITE_RECURSION = YES;
				CLANG_WARN_INT_CONVERSION = YES;
				CLANG_WARN_NON_LITERAL_NULL_CONVERSION = YES;
				CLANG_WARN_OBJC_IMPLICIT_RETAIN_SELF = YES;
				CLANG_WARN_OBJC_LITERAL_CONVERSION = YES;
				CLANG_WARN_OBJC_ROOT_CLASS = YES_ERROR;
				CLANG_WARN_QUOTED_INCLUDE_IN_FRAMEWORK_HEADER = YES;
				CLANG_WARN_RANGE_LOOP_ANALYSIS = YES;
				CLANG_WARN_STRICT_PROTOTYPES = YES;
				CLANG_WARN_SUSPICIOUS_MOVE = YES;
				CLANG_WARN_UNGUARDED_AVAILABILITY = YES_AGGRESSIVE;
				CLANG_WARN_UNREACHABLE_CODE = YES;
				CLANG_WARN__DUPLICATE_METHOD_MATCH = YES;
				COPY_PHASE_STRIP = NO;
				DEBUG_INFORMATION_FORMAT = dwarf;
				DEVELOPMENT_TEAM = D39Q3HLKCF;
				ENABLE_STRICT_OBJC_MSGSEND = YES;
				ENABLE_TESTABILITY = YES;
				ENABLE_USER_SCRIPT_SANDBOXING = YES;
				GCC_C_LANGUAGE_STANDARD = gnu17;
				GCC_DYNAMIC_NO_PIC = NO;
				GCC_NO_COMMON_BLOCKS = YES;
				GCC_OPTIMIZATION_LEVEL = 0;
				GCC_PREPROCESSOR_DEFINITIONS = (
					"DEBUG=1",
					"$(inherited)",
				);
				GCC_WARN_64_TO_32_BIT_CONVERSION = YES;
				GCC_WARN_ABOUT_RETURN_TYPE = YES_ERROR;
				GCC_WARN_UNDECLARED_SELECTOR = YES;
				GCC_WARN_UNINITIALIZED_AUTOS = YES_AGGRESSIVE;
				GCC_WARN_UNUSED_FUNCTION = YES;
				GCC_WARN_UNUSED_VARIABLE = YES;
				LOCALIZATION_PREFERS_STRING_CATALOGS = YES;
				MTL_ENABLE_DEBUG_INFO = INCLUDE_SOURCE;
				MTL_FAST_MATH = YES;
				ONLY_ACTIVE_ARCH = YES;
				PRODUCT_NAME = "Sentiment Analyzer - Debug";
				SWIFT_ACTIVE_COMPILATION_CONDITIONS = "DEBUG $(inherited)";
				SWIFT_OPTIMIZATION_LEVEL = "-Onone";
			};
			name = Debug;
		};
		29A10AA32E2050A000E7DEBC /* Release */ = {
			isa = XCBuildConfiguration;
			buildSettings = {
				ALWAYS_SEARCH_USER_PATHS = NO;
				ASSETCATALOG_COMPILER_GENERATE_SWIFT_ASSET_SYMBOL_EXTENSIONS = YES;
				CLANG_ANALYZER_NONNULL = YES;
				CLANG_ANALYZER_NUMBER_OBJECT_CONVERSION = YES_AGGRESSIVE;
				CLANG_CXX_LANGUAGE_STANDARD = "gnu++20";
				CLANG_ENABLE_MODULES = YES;
				CLANG_ENABLE_OBJC_ARC = YES;
				CLANG_ENABLE_OBJC_WEAK = YES;
				CLANG_WARN_BLOCK_CAPTURE_AUTORELEASING = YES;
				CLANG_WARN_BOOL_CONVERSION = YES;
				CLANG_WARN_COMMA = YES;
				CLANG_WARN_CONSTANT_CONVERSION = YES;
				CLANG_WARN_DEPRECATED_OBJC_IMPLEMENTATIONS = YES;
				CLANG_WARN_DIRECT_OBJC_ISA_USAGE = YES_ERROR;
				CLANG_WARN_DOCUMENTATION_COMMENTS = YES;
				CLANG_WARN_EMPTY_BODY = YES;
				CLANG_WARN_ENUM_CONVERSION = YES;
				CLANG_WARN_INFINITE_RECURSION = YES;
				CLANG_WARN_INT_CONVERSION = YES;
				CLANG_WARN_NON_LITERAL_NULL_CONVERSION = YES;
				CLANG_WARN_OBJC_IMPLICIT_RETAIN_SELF = YES;
				CLANG_WARN_OBJC_LITERAL_CONVERSION = YES;
				CLANG_WARN_OBJC_ROOT_CLASS = YES_ERROR;
				CLANG_WARN_QUOTED_INCLUDE_IN_FRAMEWORK_HEADER = YES;
				CLANG_WARN_RANGE_LOOP_ANALYSIS = YES;
				CLANG_WARN_STRICT_PROTOTYPES = YES;
				CLANG_WARN_SUSPICIOUS_MOVE = YES;
				CLANG_WARN_UNGUARDED_AVAILABILITY = YES_AGGRESSIVE;
				CLANG_WARN_UNREACHABLE_CODE = YES;
				CLANG_WARN__DUPLICATE_METHOD_MATCH = YES;
				COPY_PHASE_STRIP = NO;
				DEBUG_INFORMATION_FORMAT = "dwarf-with-dsym";
				DEVELOPMENT_TEAM = D39Q3HLKCF;
				ENABLE_NS_ASSERTIONS = NO;
				ENABLE_STRICT_OBJC_MSGSEND = YES;
				ENABLE_USER_SCRIPT_SANDBOXING = YES;
				GCC_C_LANGUAGE_STANDARD = gnu17;
				GCC_NO_COMMON_BLOCKS = YES;
				GCC_WARN_64_TO_32_BIT_CONVERSION = YES;
				GCC_WARN_ABOUT_RETURN_TYPE = YES_ERROR;
				GCC_WARN_UNDECLARED_SELECTOR = YES;
				GCC_WARN_UNINITIALIZED_AUTOS = YES_AGGRESSIVE;
				GCC_WARN_UNUSED_FUNCTION = YES;
				GCC_WARN_UNUSED_VARIABLE = YES;
				LOCALIZATION_PREFERS_STRING_CATALOGS = YES;
				MTL_ENABLE_DEBUG_INFO = NO;
				MTL_FAST_MATH = YES;
				PRODUCT_NAME = "Sentiment Analyzer";
				SWIFT_COMPILATION_MODE = wholemodule;
			};
			name = Release;
		};
		29A10AA52E2050A000E7DEBC /* Debug */ = {
			isa = XCBuildConfiguration;
			buildSettings = {
				BUNDLE_LOADER = "$(TEST_HOST)";
				CODE_SIGN_STYLE = Automatic;
				CURRENT_PROJECT_VERSION = 1;
				DEVELOPMENT_TEAM = D39Q3HLKCF;
				GENERATE_INFOPLIST_FILE = YES;
				IPHONEOS_DEPLOYMENT_TARGET = 18.5;
				MACOSX_DEPLOYMENT_TARGET = 15.5;
				MARKETING_VERSION = 1.0;
				PRODUCT_BUNDLE_IDENTIFIER = com.inamorata.SentimentAnalysisAppTests;
				PRODUCT_NAME = "$(TARGET_NAME)";
				SDKROOT = auto;
				SUPPORTED_PLATFORMS = "iphoneos iphonesimulator macosx xros xrsimulator";
				SWIFT_EMIT_LOC_STRINGS = NO;
				SWIFT_VERSION = 5.0;
				TARGETED_DEVICE_FAMILY = "1,2,7";
				TEST_HOST = "$(BUILT_PRODUCTS_DIR)/SentimentAnalysisApp.app/$(BUNDLE_EXECUTABLE_FOLDER_PATH)/SentimentAnalysisApp";
				XROS_DEPLOYMENT_TARGET = 2.5;
			};
			name = Debug;
		};
		29A10AA62E2050A000E7DEBC /* Release */ = {
			isa = XCBuildConfiguration;
			buildSettings = {
				BUNDLE_LOADER = "$(TEST_HOST)";
				CODE_SIGN_STYLE = Automatic;
				CURRENT_PROJECT_VERSION = 1;
				DEVELOPMENT_TEAM = D39Q3HLKCF;
				GENERATE_INFOPLIST_FILE = YES;
				IPHONEOS_DEPLOYMENT_TARGET = 18.5;
				MACOSX_DEPLOYMENT_TARGET = 15.5;
				MARKETING_VERSION = 1.0;
				PRODUCT_BUNDLE_IDENTIFIER = com.inamorata.SentimentAnalysisAppTests;
				PRODUCT_NAME = "$(TARGET_NAME)";
				SDKROOT = auto;
				SUPPORTED_PLATFORMS = "iphoneos iphonesimulator macosx xros xrsimulator";
				SWIFT_EMIT_LOC_STRINGS = NO;
				SWIFT_VERSION = 5.0;
				TARGETED_DEVICE_FAMILY = "1,2,7";
				TEST_HOST = "$(BUILT_PRODUCTS_DIR)/SentimentAnalysisApp.app/$(BUNDLE_EXECUTABLE_FOLDER_PATH)/SentimentAnalysisApp";
				XROS_DEPLOYMENT_TARGET = 2.5;
			};
			name = Release;
		};
		29A10AA82E2050A000E7DEBC /* Debug */ = {
			isa = XCBuildConfiguration;
			buildSettings = {
				CODE_SIGN_STYLE = Automatic;
				CURRENT_PROJECT_VERSION = 1;
				DEVELOPMENT_TEAM = D39Q3HLKCF;
				GENERATE_INFOPLIST_FILE = YES;
				IPHONEOS_DEPLOYMENT_TARGET = 18.5;
				MACOSX_DEPLOYMENT_TARGET = 15.5;
				MARKETING_VERSION = 1.0;
				PRODUCT_BUNDLE_IDENTIFIER = com.inamorata.SentimentAnalysisAppUITests;
				PRODUCT_NAME = "$(TARGET_NAME)";
				SDKROOT = auto;
				SUPPORTED_PLATFORMS = "iphoneos iphonesimulator macosx xros xrsimulator";
				SWIFT_EMIT_LOC_STRINGS = NO;
				SWIFT_VERSION = 5.0;
				TARGETED_DEVICE_FAMILY = "1,2,7";
				TEST_TARGET_NAME = SentimentAnalysisApp;
				XROS_DEPLOYMENT_TARGET = 2.5;
			};
			name = Debug;
		};
		29A10AA92E2050A000E7DEBC /* Release */ = {
			isa = XCBuildConfiguration;
			buildSettings = {
				CODE_SIGN_STYLE = Automatic;
				CURRENT_PROJECT_VERSION = 1;
				DEVELOPMENT_TEAM = D39Q3HLKCF;
				GENERATE_INFOPLIST_FILE = YES;
				IPHONEOS_DEPLOYMENT_TARGET = 18.5;
				MACOSX_DEPLOYMENT_TARGET = 15.5;
				MARKETING_VERSION = 1.0;
				PRODUCT_BUNDLE_IDENTIFIER = com.inamorata.SentimentAnalysisAppUITests;
				PRODUCT_NAME = "$(TARGET_NAME)";
				SDKROOT = auto;
				SUPPORTED_PLATFORMS = "iphoneos iphonesimulator macosx xros xrsimulator";
				SWIFT_EMIT_LOC_STRINGS = NO;
				SWIFT_VERSION = 5.0;
				TARGETED_DEVICE_FAMILY = "1,2,7";
				TEST_TARGET_NAME = SentimentAnalysisApp;
				XROS_DEPLOYMENT_TARGET = 2.5;
			};
			name = Release;
		};
/* End XCBuildConfiguration section */

/* Begin XCConfigurationList section */
		29A10A762E20509E00E7DEBC /* Build configuration list for PBXProject "SentimentAnalysisApp" */ = {
			isa = XCConfigurationList;
			buildConfigurations = (
				29A10AA22E2050A000E7DEBC /* Debug */,
				29A10AA32E2050A000E7DEBC /* Release */,
			);
			defaultConfigurationIsVisible = 0;
			defaultConfigurationName = Release;
		};
		29A10A9F2E2050A000E7DEBC /* Build configuration list for PBXNativeTarget "SentimentAnalysisApp" */ = {
			isa = XCConfigurationList;
			buildConfigurations = (
				29A10AA02E2050A000E7DEBC /* Debug */,
				29A10AA12E2050A000E7DEBC /* Release */,
			);
			defaultConfigurationIsVisible = 0;
			defaultConfigurationName = Release;
		};
		29A10AA42E2050A000E7DEBC /* Build configuration list for PBXNativeTarget "SentimentAnalysisAppTests" */ = {
			isa = XCConfigurationList;
			buildConfigurations = (
				29A10AA52E2050A000E7DEBC /* Debug */,
				29A10AA62E2050A000E7DEBC /* Release */,
			);
			defaultConfigurationIsVisible = 0;
			defaultConfigurationName = Release;
		};
		29A10AA72E2050A000E7DEBC /* Build configuration list for PBXNativeTarget "SentimentAnalysisAppUITests" */ = {
			isa = XCConfigurationList;
			buildConfigurations = (
				29A10AA82E2050A000E7DEBC /* Debug */,
				29A10AA92E2050A000E7DEBC /* Release */,
			);
			defaultConfigurationIsVisible = 0;
			defaultConfigurationName = Release;
		};
/* End XCConfigurationList section */

/* Begin XCRemoteSwiftPackageReference section */
		29254B822E25DD5E0023721C /* XCRemoteSwiftPackageReference "Sparkle" */ = {
			isa = XCRemoteSwiftPackageReference;
			repositoryURL = "https://github.com/sparkle-project/Sparkle";
			requirement = {
				kind = upToNextMajorVersion;
				minimumVersion = 2.7.1;
			};
		};
		29A10AE02E22237F00E7DEBC /* XCRemoteSwiftPackageReference "CoreXLSX" */ = {
			isa = XCRemoteSwiftPackageReference;
			repositoryURL = "https://github.com/CoreOffice/CoreXLSX";
			requirement = {
				kind = upToNextMajorVersion;
				minimumVersion = 0.14.2;
			};
		};
/* End XCRemoteSwiftPackageReference section */

/* Begin XCSwiftPackageProductDependency section */
		29254B832E25DD5E0023721C /* Sparkle */ = {
			isa = XCSwiftPackageProductDependency;
			package = 29254B822E25DD5E0023721C /* XCRemoteSwiftPackageReference "Sparkle" */;
			productName = Sparkle;
		};
		29A10AE12E22237F00E7DEBC /* CoreXLSX */ = {
			isa = XCSwiftPackageProductDependency;
			package = 29A10AE02E22237F00E7DEBC /* XCRemoteSwiftPackageReference "CoreXLSX" */;
			productName = CoreXLSX;
		};
/* End XCSwiftPackageProductDependency section */
	};
	rootObject = 29A10A732E20509E00E7DEBC /* Project object */;
}
